
Microsoft Visual Studio Solution File, Format Version 12.00
# Visual Studio 15
VisualStudioVersion = 15.0.28307.1401
MinimumVisualStudioVersion = 10.0.40219.1
Project("{FAE04EC0-301F-11D3-BF4B-00C04F79EFBC}") = "LogToScreen.Web", "LogToScreen.Web\LogToScreen.Web.csproj", "{1EAE744D-5DFD-4E13-852D-0D01F3AD9311}"
EndProject
Project("{2150E333-8FDC-42A3-9474-1A3956D46DE8}") = "src", "src", "{8A3BF33B-0DA3-476A-B073-A292482FC1E8}"
EndProject
Global
	GlobalSection(SolutionConfigurationPlatforms) = preSolution
		Debug|Any CPU = Debug|Any CPU
		Release|Any CPU = Release|Any CPU
	EndGlobalSection
	GlobalSection(ProjectConfigurationPlatforms) = postSolution
		{1EAE744D-5DFD-4E13-852D-0D01F3AD9311}.Debug|Any CPU.ActiveCfg = Debug|Any CPU
		{1EAE744D-5DFD-4E13-852D-0D01F3AD9311}.Debug|Any CPU.Build.0 = Debug|Any CPU
		{1EAE744D-5DFD-4E13-852D-0D01F3AD9311}.Release|Any CPU.ActiveCfg = Release|Any CPU
		{1EAE744D-5DFD-4E13-852D-0D01F3AD9311}.Release|Any CPU.Build.0 = Release|Any CPU
	EndGlobalSection
	GlobalSection(SolutionProperties) = preSolution
		HideSolutionNode = FALSE
	EndGlobalSection
	GlobalSection(NestedProjects) = preSolution
		{1EAE744D-5DFD-4E13-852D-0D01F3AD9311} = {8A3BF33B-0DA3-476A-B073-A292482FC1E8}
	EndGlobalSection
	GlobalSection(ExtensibilityGlobals) = postSolution
		SolutionGuid = {3BB319AA-F301-41DD-AE79-45ABC9492F8D}
	EndGlobalSection
EndGlobal
